
Microsoft Visual Studio Solution File, Format Version 12.00
# Visual Studio Version 17
VisualStudioVersion = 17.14.36717.8 d17.14
MinimumVisualStudioVersion = 10.0.40219.1
Project("{D2ABAB84-BF74-430A-B69E-9DC6D40DDA17}") = "Create Date Dimension", "Create Date Dimension\Create Date Dimension.dwproj", "{AD9F257C-261F-3156-FD65-75BFCB8F35AF}"
EndProject
Global
	GlobalSection(SolutionConfigurationPlatforms) = preSolution
		Development|Default = Development|Default
	EndGlobalSection
	GlobalSection(ProjectConfigurationPlatforms) = postSolution
		{AD9F257C-261F-3156-FD65-75BFCB8F35AF}.Development|Default.ActiveCfg = Development
		{AD9F257C-261F-3156-FD65-75BFCB8F35AF}.Development|Default.Build.0 = Development
		{AD9F257C-261F-3156-FD65-75BFCB8F35AF}.Development|Default.Deploy.0 = Development
	EndGlobalSection
	GlobalSection(SolutionProperties) = preSolution
		HideSolutionNode = FALSE
	EndGlobalSection
	GlobalSection(ExtensibilityGlobals) = postSolution
		SolutionGuid = {A114391A-4925-4B38-AFA6-E9FB2303FE04}
	EndGlobalSection
EndGlobal
